
Microsoft Visual Studio Solution File, Format Version 12.00
# Visual Studio Version 17
VisualStudioVersion = 17.2.32526.322
MinimumVisualStudioVersion = 10.0.40219.1
Project("{FAE04EC0-301F-11D3-BF4B-00C04F79EFBC}") = "WPF_Calculator", "WPF_Calculator\WPF_Calculator.csproj", "{01ADEE07-345B-4918-8CBD-AA798E5CCDBC}"
EndProject
Global
	GlobalSection(SolutionConfigurationPlatforms) = preSolution
		Debug|Any CPU = Debug|Any CPU
		Release|Any CPU = Release|Any CPU
	EndGlobalSection
	GlobalSection(ProjectConfigurationPlatforms) = postSolution
		{01ADEE07-345B-4918-8CBD-AA798E5CCDBC}.Debug|Any CPU.ActiveCfg = Debug|Any CPU
		{01ADEE07-345B-4918-8CBD-AA798E5CCDBC}.Debug|Any CPU.Build.0 = Debug|Any CPU
		{01ADEE07-345B-4918-8CBD-AA798E5CCDBC}.Release|Any CPU.ActiveCfg = Release|Any CPU
		{01ADEE07-345B-4918-8CBD-AA798E5CCDBC}.Release|Any CPU.Build.0 = Release|Any CPU
	EndGlobalSection
	GlobalSection(SolutionProperties) = preSolution
		HideSolutionNode = FALSE
	EndGlobalSection
	GlobalSection(ExtensibilityGlobals) = postSolution
		SolutionGuid = {DFBA7666-6F69-4638-B888-9CB783FE5FDF}
	EndGlobalSection
EndGlobal
